
Microsoft Visual Studio Solution File, Format Version 12.00
# Visual Studio Version 17
VisualStudioVersion = 17.14.36717.8 d17.14
MinimumVisualStudioVersion = 10.0.40219.1
Project("{FAE04EC0-301F-11D3-BF4B-00C04F79EFBC}") = "323-ZhdanovichAndAntonov", "323-ZhdanovichAndAntonov\323-ZhdanovichAndAntonov.csproj", "{09294A28-DD8A-41CA-A7DE-FA33E52ED3EF}"
EndProject
Global
	GlobalSection(SolutionConfigurationPlatforms) = preSolution
		Debug|Any CPU = Debug|Any CPU
		Release|Any CPU = Release|Any CPU
	EndGlobalSection
	GlobalSection(ProjectConfigurationPlatforms) = postSolution
		{09294A28-DD8A-41CA-A7DE-FA33E52ED3EF}.Debug|Any CPU.ActiveCfg = Debug|Any CPU
		{09294A28-DD8A-41CA-A7DE-FA33E52ED3EF}.Debug|Any CPU.Build.0 = Debug|Any CPU
		{09294A28-DD8A-41CA-A7DE-FA33E52ED3EF}.Release|Any CPU.ActiveCfg = Release|Any CPU
		{09294A28-DD8A-41CA-A7DE-FA33E52ED3EF}.Release|Any CPU.Build.0 = Release|Any CPU
	EndGlobalSection
	GlobalSection(SolutionProperties) = preSolution
		HideSolutionNode = FALSE
	EndGlobalSection
	GlobalSection(ExtensibilityGlobals) = postSolution
		SolutionGuid = {94CCB0E0-3525-42F5-A672-B41AAFBC16F9}
	EndGlobalSection
EndGlobal
